
Microsoft Visual Studio Solution File, Format Version 12.00
# Visual Studio 14
VisualStudioVersion = 14.0.24720.0
MinimumVisualStudioVersion = 10.0.40219.1
Project("{FAE04EC0-301F-11D3-BF4B-00C04F79EFBC}") = "PictionaryClient", "PictionaryClient\PictionaryClient.csproj", "{428694BF-087D-4EA7-982C-77B6C8E3AD24}"
EndProject
Project("{FAE04EC0-301F-11D3-BF4B-00C04F79EFBC}") = "PictionaryService", "PictionaryService\PictionaryService.csproj", "{1CFA2FF4-0321-4C7F-B906-7E56399D1947}"
EndProject
Project("{FAE04EC0-301F-11D3-BF4B-00C04F79EFBC}") = "PictionaryLibrary", "PictionaryLibrary\PictionaryLibrary.csproj", "{0094A86F-5FBE-46D2-AFC3-72FC59E88104}"
EndProject
Project("{2150E333-8FDC-42A3-9474-1A3956D46DE8}") = "Solution Items", "Solution Items", "{4D749681-0F01-412E-8488-EF2BEC0A5A09}"
	ProjectSection(SolutionItems) = preProject
		..\..\.gitignore = ..\..\.gitignore
	EndProjectSection
EndProject
Global
	GlobalSection(SolutionConfigurationPlatforms) = preSolution
		Debug|Any CPU = Debug|Any CPU
		Release|Any CPU = Release|Any CPU
	EndGlobalSection
	GlobalSection(ProjectConfigurationPlatforms) = postSolution
		{428694BF-087D-4EA7-982C-77B6C8E3AD24}.Debug|Any CPU.ActiveCfg = Debug|Any CPU
		{428694BF-087D-4EA7-982C-77B6C8E3AD24}.Debug|Any CPU.Build.0 = Debug|Any CPU
		{428694BF-087D-4EA7-982C-77B6C8E3AD24}.Release|Any CPU.ActiveCfg = Release|Any CPU
		{428694BF-087D-4EA7-982C-77B6C8E3AD24}.Release|Any CPU.Build.0 = Release|Any CPU
		{1CFA2FF4-0321-4C7F-B906-7E56399D1947}.Debug|Any CPU.ActiveCfg = Debug|Any CPU
		{1CFA2FF4-0321-4C7F-B906-7E56399D1947}.Debug|Any CPU.Build.0 = Debug|Any CPU
		{1CFA2FF4-0321-4C7F-B906-7E56399D1947}.Release|Any CPU.ActiveCfg = Release|Any CPU
		{1CFA2FF4-0321-4C7F-B906-7E56399D1947}.Release|Any CPU.Build.0 = Release|Any CPU
		{0094A86F-5FBE-46D2-AFC3-72FC59E88104}.Debug|Any CPU.ActiveCfg = Debug|Any CPU
		{0094A86F-5FBE-46D2-AFC3-72FC59E88104}.Debug|Any CPU.Build.0 = Debug|Any CPU
		{0094A86F-5FBE-46D2-AFC3-72FC59E88104}.Release|Any CPU.ActiveCfg = Release|Any CPU
		{0094A86F-5FBE-46D2-AFC3-72FC59E88104}.Release|Any CPU.Build.0 = Release|Any CPU
	EndGlobalSection
	GlobalSection(SolutionProperties) = preSolution
		HideSolutionNode = FALSE
	EndGlobalSection
EndGlobal
